
Microsoft Visual Studio Solution File, Format Version 12.00
# Visual Studio Version 17
VisualStudioVersion = 17.12.35707.178 d17.12
MinimumVisualStudioVersion = 10.0.40219.1
Project("{FAE04EC0-301F-11D3-BF4B-00C04F79EFBC}") = "WebApi", "WebApi\WebApi.csproj", "{A50A511D-CD6A-456D-988C-6F3C73CDA703}"
EndProject
Project("{FAE04EC0-301F-11D3-BF4B-00C04F79EFBC}") = "Domain", "Domain\Domain.csproj", "{217B0AEA-B088-419E-BF67-953B140C0B38}"
EndProject
Project("{FAE04EC0-301F-11D3-BF4B-00C04F79EFBC}") = "Application", "Application\Application.csproj", "{0F3C0A16-581C-4B40-A69F-E0757100283B}"
EndProject
Project("{FAE04EC0-301F-11D3-BF4B-00C04F79EFBC}") = "Infrastructure", "Infrastructure\Infrastructure.csproj", "{642C9747-DD0C-4814-A37A-BFE229D04703}"
EndProject
Global
	GlobalSection(SolutionConfigurationPlatforms) = preSolution
		Debug|Any CPU = Debug|Any CPU
		Release|Any CPU = Release|Any CPU
	EndGlobalSection
	GlobalSection(ProjectConfigurationPlatforms) = postSolution
		{A50A511D-CD6A-456D-988C-6F3C73CDA703}.Debug|Any CPU.ActiveCfg = Debug|Any CPU
		{A50A511D-CD6A-456D-988C-6F3C73CDA703}.Debug|Any CPU.Build.0 = Debug|Any CPU
		{A50A511D-CD6A-456D-988C-6F3C73CDA703}.Release|Any CPU.ActiveCfg = Release|Any CPU
		{A50A511D-CD6A-456D-988C-6F3C73CDA703}.Release|Any CPU.Build.0 = Release|Any CPU
		{217B0AEA-B088-419E-BF67-953B140C0B38}.Debug|Any CPU.ActiveCfg = Debug|Any CPU
		{217B0AEA-B088-419E-BF67-953B140C0B38}.Debug|Any CPU.Build.0 = Debug|Any CPU
		{217B0AEA-B088-419E-BF67-953B140C0B38}.Release|Any CPU.ActiveCfg = Release|Any CPU
		{217B0AEA-B088-419E-BF67-953B140C0B38}.Release|Any CPU.Build.0 = Release|Any CPU
		{0F3C0A16-581C-4B40-A69F-E0757100283B}.Debug|Any CPU.ActiveCfg = Debug|Any CPU
		{0F3C0A16-581C-4B40-A69F-E0757100283B}.Debug|Any CPU.Build.0 = Debug|Any CPU
		{0F3C0A16-581C-4B40-A69F-E0757100283B}.Release|Any CPU.ActiveCfg = Release|Any CPU
		{0F3C0A16-581C-4B40-A69F-E0757100283B}.Release|Any CPU.Build.0 = Release|Any CPU
		{642C9747-DD0C-4814-A37A-BFE229D04703}.Debug|Any CPU.ActiveCfg = Debug|Any CPU
		{642C9747-DD0C-4814-A37A-BFE229D04703}.Debug|Any CPU.Build.0 = Debug|Any CPU
		{642C9747-DD0C-4814-A37A-BFE229D04703}.Release|Any CPU.ActiveCfg = Release|Any CPU
		{642C9747-DD0C-4814-A37A-BFE229D04703}.Release|Any CPU.Build.0 = Release|Any CPU
	EndGlobalSection
	GlobalSection(SolutionProperties) = preSolution
		HideSolutionNode = FALSE
	EndGlobalSection
EndGlobal
